{
  "name": "brave-talk-extension",
  "version": "0.0.1",
  "lockfileVersion": 2,
  "requires": true,
  "packages": {
    "": {
      "name": "brave-talk-extension",
      "version": "0.0.1",
      "devDependencies": {
        "@types/chrome": "^0.0.168",
        "@types/jquery": "^3.5.10",
        "typescript": "^4.5.2"
      }
    },
    "node_modules/@types/chrome": {
      "version": "0.0.168",
      "resolved": "https://registry.npmjs.org/@types/chrome/-/chrome-0.0.168.tgz",
      "integrity": "sha512-kMA+5H9PSO7kEixgFgehp8xxzBV5qR9hyLCCt8j4/BIf5SJXXtVB6ik2uycU8PHgfFtMDgIC5/qQZplifYon2g==",
      "dev": true,
      "dependencies": {
        "@types/filesystem": "*",
        "@types/har-format": "*"
      }
    },
    "node_modules/@types/filesystem": {
      "version": "0.0.32",
      "resolved": "https://registry.npmjs.org/@types/filesystem/-/filesystem-0.0.32.tgz",
      "integrity": "sha512-Yuf4jR5YYMR2DVgwuCiP11s0xuVRyPKmz8vo6HBY3CGdeMj8af93CFZX+T82+VD1+UqHOxTq31lO7MI7lepBtQ==",
      "dev": true,
      "dependencies": {
        "@types/filewriter": "*"
      }
    },
    "node_modules/@types/filewriter": {
      "version": "0.0.29",
      "resolved": "https://registry.npmjs.org/@types/filewriter/-/filewriter-0.0.29.tgz",
      "integrity": "sha512-BsPXH/irW0ht0Ji6iw/jJaK8Lj3FJemon2gvEqHKpCdDCeemHa+rI3WBGq5z7cDMZgoLjY40oninGxqk+8NzNQ==",
      "dev": true
    },
    "node_modules/@types/har-format": {
      "version": "1.2.8",
      "resolved": "https://registry.npmjs.org/@types/har-format/-/har-format-1.2.8.tgz",
      "integrity": "sha512-OP6L9VuZNdskgNN3zFQQ54ceYD8OLq5IbqO4VK91ORLfOm7WdT/CiT/pHEBSQEqCInJ2y3O6iCm/zGtPElpgJQ==",
      "dev": true
    },
    "node_modules/@types/jquery": {
      "version": "3.5.10",
      "resolved": "https://registry.npmjs.org/@types/jquery/-/jquery-3.5.10.tgz",
      "integrity": "sha512-w2qT5DFikh5TXrW/aOaCvCP8g2MMAfPXo3oeHR9v7dRuAZhu38PUWEkYrL4e9VRTcgZE4yER21AHndgpq2QPTQ==",
      "dev": true,
      "dependencies": {
        "@types/sizzle": "*"
      }
    },
    "node_modules/@types/sizzle": {
      "version": "2.3.3",
      "resolved": "https://registry.npmjs.org/@types/sizzle/-/sizzle-2.3.3.tgz",
      "integrity": "sha512-JYM8x9EGF163bEyhdJBpR2QX1R5naCJHC8ucJylJ3w9/CVBaskdQ8WqBf8MmQrd1kRvp/a4TS8HJ+bxzR7ZJYQ==",
      "dev": true
    },
    "node_modules/typescript": {
      "version": "4.5.2",
      "resolved": "https://registry.npmjs.org/typescript/-/typescript-4.5.2.tgz",
      "integrity": "sha512-5BlMof9H1yGt0P8/WF+wPNw6GfctgGjXp5hkblpyT+8rkASSmkUKMXrxR0Xg8ThVCi/JnHQiKXeBaEwCeQwMFw==",
      "dev": true,
      "bin": {
        "tsc": "bin/tsc",
        "tsserver": "bin/tsserver"
      },
      "engines": {
        "node": ">=4.2.0"
      }
    }
  },
  "dependencies": {
    "@types/chrome": {
      "version": "0.0.168",
      "resolved": "https://registry.npmjs.org/@types/chrome/-/chrome-0.0.168.tgz",
      "integrity": "sha512-kMA+5H9PSO7kEixgFgehp8xxzBV5qR9hyLCCt8j4/BIf5SJXXtVB6ik2uycU8PHgfFtMDgIC5/qQZplifYon2g==",
      "dev": true,
      "requires": {
        "@types/filesystem": "*",
        "@types/har-format": "*"
      }
    },
    "@types/filesystem": {
      "version": "0.0.32",
      "resolved": "https://registry.npmjs.org/@types/filesystem/-/filesystem-0.0.32.tgz",
      "integrity": "sha512-Yuf4jR5YYMR2DVgwuCiP11s0xuVRyPKmz8vo6HBY3CGdeMj8af93CFZX+T82+VD1+UqHOxTq31lO7MI7lepBtQ==",
      "dev": true,
      "requires": {
        "@types/filewriter": "*"
      }
    },
    "@types/filewriter": {
      "version": "0.0.29",
      "resolved": "https://registry.npmjs.org/@types/filewriter/-/filewriter-0.0.29.tgz",
      "integrity": "sha512-BsPXH/irW0ht0Ji6iw/jJaK8Lj3FJemon2gvEqHKpCdDCeemHa+rI3WBGq5z7cDMZgoLjY40oninGxqk+8NzNQ==",
      "dev": true
    },
    "@types/har-format": {
      "version": "1.2.8",
      "resolved": "https://registry.npmjs.org/@types/har-format/-/har-format-1.2.8.tgz",
      "integrity": "sha512-OP6L9VuZNdskgNN3zFQQ54ceYD8OLq5IbqO4VK91ORLfOm7WdT/CiT/pHEBSQEqCInJ2y3O6iCm/zGtPElpgJQ==",
      "dev": true
    },
    "@types/jquery": {
      "version": "3.5.10",
      "resolved": "https://registry.npmjs.org/@types/jquery/-/jquery-3.5.10.tgz",
      "integrity": "sha512-w2qT5DFikh5TXrW/aOaCvCP8g2MMAfPXo3oeHR9v7dRuAZhu38PUWEkYrL4e9VRTcgZE4yER21AHndgpq2QPTQ==",
      "dev": true,
      "requires": {
        "@types/sizzle": "*"
      }
    },
    "@types/sizzle": {
      "version": "2.3.3",
      "resolved": "https://registry.npmjs.org/@types/sizzle/-/sizzle-2.3.3.tgz",
      "integrity": "sha512-JYM8x9EGF163bEyhdJBpR2QX1R5naCJHC8ucJylJ3w9/CVBaskdQ8WqBf8MmQrd1kRvp/a4TS8HJ+bxzR7ZJYQ==",
      "dev": true
    },
    "typescript": {
      "version": "4.5.2",
      "resolved": "https://registry.npmjs.org/typescript/-/typescript-4.5.2.tgz",
      "integrity": "sha512-5BlMof9H1yGt0P8/WF+wPNw6GfctgGjXp5hkblpyT+8rkASSmkUKMXrxR0Xg8ThVCi/JnHQiKXeBaEwCeQwMFw==",
      "dev": true
    }
  }
}
